
Microsoft Visual Studio Solution File, Format Version 12.00
# Visual Studio 14
VisualStudioVersion = 14.0.22806.0
MinimumVisualStudioVersion = 10.0.40219.1
Project("{FAE04EC0-301F-11D3-BF4B-00C04F79EFBC}") = "ExtensibilityTools", "src\ExtensibilityTools.csproj", "{6D140DBC-CBA3-47EE-A295-C74DEC207566}"
EndProject
Project("{2150E333-8FDC-42A3-9474-1A3956D46DE8}") = "Solution Items", "Solution Items", "{C1542E2B-BE9C-46AE-BE0E-4B65BC0424DE}"
	ProjectSection(SolutionItems) = preProject
		.gitignore = .gitignore
		appveyor.yml = appveyor.yml
		README.md = README.md
	EndProjectSection
EndProject
Global
	GlobalSection(SolutionConfigurationPlatforms) = preSolution
		Debug|Any CPU = Debug|Any CPU
		Release|Any CPU = Release|Any CPU
	EndGlobalSection
	GlobalSection(ProjectConfigurationPlatforms) = postSolution
		{6D140DBC-CBA3-47EE-A295-C74DEC207566}.Debug|Any CPU.ActiveCfg = Debug|Any CPU
		{6D140DBC-CBA3-47EE-A295-C74DEC207566}.Debug|Any CPU.Build.0 = Debug|Any CPU
		{6D140DBC-CBA3-47EE-A295-C74DEC207566}.Release|Any CPU.ActiveCfg = Release|Any CPU
		{6D140DBC-CBA3-47EE-A295-C74DEC207566}.Release|Any CPU.Build.0 = Release|Any CPU
	EndGlobalSection
	GlobalSection(SolutionProperties) = preSolution
		HideSolutionNode = FALSE
	EndGlobalSection
EndGlobal
